// !$*UTF8*$!
{
	archiveVersion = 1;
	classes = {
	};
	objectVersion = 50;
	objects = {

/* Begin PBXBuildFile section */
		9A9A880A24A2959C00F256DF /* AppDelegate.swift in Sources */ = {isa = PBXBuildFile; fileRef = 9A9A880924A2959C00F256DF /* AppDelegate.swift */; };
		9A9A880C24A2959C00F256DF /* SceneDelegate.swift in Sources */ = {isa = PBXBuildFile; fileRef = 9A9A880B24A2959C00F256DF /* SceneDelegate.swift */; };
		9A9A880E24A2959C00F256DF /* MainView.swift in Sources */ = {isa = PBXBuildFile; fileRef = 9A9A880D24A2959C00F256DF /* MainView.swift */; };
		9A9A881024A2959F00F256DF /* Assets.xcassets in Resources */ = {isa = PBXBuildFile; fileRef = 9A9A880F24A2959F00F256DF /* Assets.xcassets */; };
		9A9A881324A2959F00F256DF /* Preview Assets.xcassets in Resources */ = {isa = PBXBuildFile; fileRef = 9A9A881224A2959F00F256DF /* Preview Assets.xcassets */; };
		9A9A881624A2959F00F256DF /* LaunchScreen.storyboard in Resources */ = {isa = PBXBuildFile; fileRef = 9A9A881424A2959F00F256DF /* LaunchScreen.storyboard */; };
		9A9A882A24A3670900F256DF /* Localizable.strings in Resources */ = {isa = PBXBuildFile; fileRef = 9A9A882C24A3670900F256DF /* Localizable.strings */; };
		9A9A883724A36BE000F256DF /* Teacher.swift in Sources */ = {isa = PBXBuildFile; fileRef = 9A9A883624A36BE000F256DF /* Teacher.swift */; };
		9A9A883924A36BE500F256DF /* Student.swift in Sources */ = {isa = PBXBuildFile; fileRef = 9A9A883824A36BE500F256DF /* Student.swift */; };
		9A9A883B24A36BED00F256DF /* School.swift in Sources */ = {isa = PBXBuildFile; fileRef = 9A9A883A24A36BED00F256DF /* School.swift */; };
		9A9A883D24A36BFE00F256DF /* ExtraInfo.swift in Sources */ = {isa = PBXBuildFile; fileRef = 9A9A883C24A36BFE00F256DF /* ExtraInfo.swift */; };
		9A9A883F24A36C7900F256DF /* TeachersVM.swift in Sources */ = {isa = PBXBuildFile; fileRef = 9A9A883E24A36C7900F256DF /* TeachersVM.swift */; };
		9A9A884124A36C8100F256DF /* StudentsVM.swift in Sources */ = {isa = PBXBuildFile; fileRef = 9A9A884024A36C8100F256DF /* StudentsVM.swift */; };
		9A9A884724A36F7600F256DF /* TeachersList.swift in Sources */ = {isa = PBXBuildFile; fileRef = 9A9A884624A36F7600F256DF /* TeachersList.swift */; };
		9A9A884924A3701100F256DF /* LocalizedString.swift in Sources */ = {isa = PBXBuildFile; fileRef = 9A9A884824A3701100F256DF /* LocalizedString.swift */; };
		9A9A884B24A3705300F256DF /* StudentsList.swift in Sources */ = {isa = PBXBuildFile; fileRef = 9A9A884A24A3705300F256DF /* StudentsList.swift */; };
		9A9A884D24A3750800F256DF /* Colors .swift in Sources */ = {isa = PBXBuildFile; fileRef = 9A9A884C24A3750800F256DF /* Colors .swift */; };
		9A9A884F24A375AD00F256DF /* TeacherDetail.swift in Sources */ = {isa = PBXBuildFile; fileRef = 9A9A884E24A375AD00F256DF /* TeacherDetail.swift */; };
		9A9A885124A3768700F256DF /* TeacherRow.swift in Sources */ = {isa = PBXBuildFile; fileRef = 9A9A885024A3768700F256DF /* TeacherRow.swift */; };
		9A9A885324A3780400F256DF /* StudentRow.swift in Sources */ = {isa = PBXBuildFile; fileRef = 9A9A885224A3780400F256DF /* StudentRow.swift */; };
		9A9A885524A3780D00F256DF /* StudentDetail.swift in Sources */ = {isa = PBXBuildFile; fileRef = 9A9A885424A3780D00F256DF /* StudentDetail.swift */; };
		9A9A885724A37EED00F256DF /* UIKitTabView.swift in Sources */ = {isa = PBXBuildFile; fileRef = 9A9A885624A37EED00F256DF /* UIKitTabView.swift */; };
/* End PBXBuildFile section */

/* Begin PBXFileReference section */
		9A9A880624A2959C00F256DF /* EqualEyes-DeveloperTest.app */ = {isa = PBXFileReference; explicitFileType = wrapper.application; includeInIndex = 0; path = "EqualEyes-DeveloperTest.app"; sourceTree = BUILT_PRODUCTS_DIR; };
		9A9A880924A2959C00F256DF /* AppDelegate.swift */ = {isa = PBXFileReference; lastKnownFileType = sourcecode.swift; path = AppDelegate.swift; sourceTree = "<group>"; };
		9A9A880B24A2959C00F256DF /* SceneDelegate.swift */ = {isa = PBXFileReference; lastKnownFileType = sourcecode.swift; path = SceneDelegate.swift; sourceTree = "<group>"; };
		9A9A880D24A2959C00F256DF /* MainView.swift */ = {isa = PBXFileReference; lastKnownFileType = sourcecode.swift; path = MainView.swift; sourceTree = "<group>"; };
		9A9A880F24A2959F00F256DF /* Assets.xcassets */ = {isa = PBXFileReference; lastKnownFileType = folder.assetcatalog; path = Assets.xcassets; sourceTree = "<group>"; };
		9A9A881224A2959F00F256DF /* Preview Assets.xcassets */ = {isa = PBXFileReference; lastKnownFileType = folder.assetcatalog; path = "Preview Assets.xcassets"; sourceTree = "<group>"; };
		9A9A881524A2959F00F256DF /* Base */ = {isa = PBXFileReference; lastKnownFileType = file.storyboard; name = Base; path = Base.lproj/LaunchScreen.storyboard; sourceTree = "<group>"; };
		9A9A881724A2959F00F256DF /* Development.plist */ = {isa = PBXFileReference; lastKnownFileType = text.plist.xml; path = Development.plist; sourceTree = "<group>"; };
		9A9A882724A3594D00F256DF /* Production.plist */ = {isa = PBXFileReference; lastKnownFileType = text.plist.xml; path = Production.plist; sourceTree = "<group>"; };
		9A9A882B24A3670900F256DF /* en */ = {isa = PBXFileReference; lastKnownFileType = text.plist.strings; name = en; path = en.lproj/Localizable.strings; sourceTree = "<group>"; };
		9A9A882D24A3674000F256DF /* fr */ = {isa = PBXFileReference; lastKnownFileType = text.plist.strings; name = fr; path = fr.lproj/Localizable.strings; sourceTree = "<group>"; };
		9A9A883624A36BE000F256DF /* Teacher.swift */ = {isa = PBXFileReference; lastKnownFileType = sourcecode.swift; path = Teacher.swift; sourceTree = "<group>"; };
		9A9A883824A36BE500F256DF /* Student.swift */ = {isa = PBXFileReference; lastKnownFileType = sourcecode.swift; path = Student.swift; sourceTree = "<group>"; };
		9A9A883A24A36BED00F256DF /* School.swift */ = {isa = PBXFileReference; lastKnownFileType = sourcecode.swift; path = School.swift; sourceTree = "<group>"; };
		9A9A883C24A36BFE00F256DF /* ExtraInfo.swift */ = {isa = PBXFileReference; lastKnownFileType = sourcecode.swift; path = ExtraInfo.swift; sourceTree = "<group>"; };
		9A9A883E24A36C7900F256DF /* TeachersVM.swift */ = {isa = PBXFileReference; lastKnownFileType = sourcecode.swift; path = TeachersVM.swift; sourceTree = "<group>"; };
		9A9A884024A36C8100F256DF /* StudentsVM.swift */ = {isa = PBXFileReference; lastKnownFileType = sourcecode.swift; path = StudentsVM.swift; sourceTree = "<group>"; };
		9A9A884624A36F7600F256DF /* TeachersList.swift */ = {isa = PBXFileReference; lastKnownFileType = sourcecode.swift; path = TeachersList.swift; sourceTree = "<group>"; };
		9A9A884824A3701100F256DF /* LocalizedString.swift */ = {isa = PBXFileReference; lastKnownFileType = sourcecode.swift; path = LocalizedString.swift; sourceTree = "<group>"; };
		9A9A884A24A3705300F256DF /* StudentsList.swift */ = {isa = PBXFileReference; lastKnownFileType = sourcecode.swift; path = StudentsList.swift; sourceTree = "<group>"; };
		9A9A884C24A3750800F256DF /* Colors .swift */ = {isa = PBXFileReference; lastKnownFileType = sourcecode.swift; path = "Colors .swift"; sourceTree = "<group>"; };
		9A9A884E24A375AD00F256DF /* TeacherDetail.swift */ = {isa = PBXFileReference; lastKnownFileType = sourcecode.swift; path = TeacherDetail.swift; sourceTree = "<group>"; };
		9A9A885024A3768700F256DF /* TeacherRow.swift */ = {isa = PBXFileReference; lastKnownFileType = sourcecode.swift; path = TeacherRow.swift; sourceTree = "<group>"; };
		9A9A885224A3780400F256DF /* StudentRow.swift */ = {isa = PBXFileReference; lastKnownFileType = sourcecode.swift; path = StudentRow.swift; sourceTree = "<group>"; };
		9A9A885424A3780D00F256DF /* StudentDetail.swift */ = {isa = PBXFileReference; lastKnownFileType = sourcecode.swift; path = StudentDetail.swift; sourceTree = "<group>"; };
		9A9A885624A37EED00F256DF /* UIKitTabView.swift */ = {isa = PBXFileReference; lastKnownFileType = sourcecode.swift; path = UIKitTabView.swift; sourceTree = "<group>"; };
/* End PBXFileReference section */

/* Begin PBXFrameworksBuildPhase section */
		9A9A880324A2959C00F256DF /* Frameworks */ = {
			isa = PBXFrameworksBuildPhase;
			buildActionMask = 2147483647;
			files = (
			);
			runOnlyForDeploymentPostprocessing = 0;
		};
/* End PBXFrameworksBuildPhase section */

/* Begin PBXGroup section */
		9A9A87FD24A2959B00F256DF = {
			isa = PBXGroup;
			children = (
				9A9A880824A2959C00F256DF /* EqualEyes-DeveloperTest */,
				9A9A880724A2959C00F256DF /* Products */,
			);
			sourceTree = "<group>";
		};
		9A9A880724A2959C00F256DF /* Products */ = {
			isa = PBXGroup;
			children = (
				9A9A880624A2959C00F256DF /* EqualEyes-DeveloperTest.app */,
			);
			name = Products;
			sourceTree = "<group>";
		};
		9A9A880824A2959C00F256DF /* EqualEyes-DeveloperTest */ = {
			isa = PBXGroup;
			children = (
				9A9A881724A2959F00F256DF /* Development.plist */,
				9A9A882724A3594D00F256DF /* Production.plist */,
				9A9A884324A36D0800F256DF /* Delegates */,
				9A9A884224A36CE600F256DF /* Views */,
				9A9A883524A36BB200F256DF /* Components */,
				9A9A883424A36BA700F256DF /* ViewModels */,
				9A9A883224A36B8E00F256DF /* Models */,
				9A9A884524A36D1B00F256DF /* Resources */,
				9A9A881124A2959F00F256DF /* Preview Content */,
			);
			path = "EqualEyes-DeveloperTest";
			sourceTree = "<group>";
		};
		9A9A881124A2959F00F256DF /* Preview Content */ = {
			isa = PBXGroup;
			children = (
				9A9A881224A2959F00F256DF /* Preview Assets.xcassets */,
			);
			path = "Preview Content";
			sourceTree = "<group>";
		};
		9A9A883224A36B8E00F256DF /* Models */ = {
			isa = PBXGroup;
			children = (
				9A9A883624A36BE000F256DF /* Teacher.swift */,
				9A9A883824A36BE500F256DF /* Student.swift */,
				9A9A883A24A36BED00F256DF /* School.swift */,
				9A9A883C24A36BFE00F256DF /* ExtraInfo.swift */,
			);
			path = Models;
			sourceTree = "<group>";
		};
		9A9A883424A36BA700F256DF /* ViewModels */ = {
			isa = PBXGroup;
			children = (
				9A9A883E24A36C7900F256DF /* TeachersVM.swift */,
				9A9A884024A36C8100F256DF /* StudentsVM.swift */,
			);
			path = ViewModels;
			sourceTree = "<group>";
		};
		9A9A883524A36BB200F256DF /* Components */ = {
			isa = PBXGroup;
			children = (
				9A9A884824A3701100F256DF /* LocalizedString.swift */,
				9A9A884C24A3750800F256DF /* Colors .swift */,
				9A9A885624A37EED00F256DF /* UIKitTabView.swift */,
			);
			path = Components;
			sourceTree = "<group>";
		};
		9A9A884224A36CE600F256DF /* Views */ = {
			isa = PBXGroup;
			children = (
				9A9A880D24A2959C00F256DF /* MainView.swift */,
				9A9A884624A36F7600F256DF /* TeachersList.swift */,
				9A9A885024A3768700F256DF /* TeacherRow.swift */,
				9A9A884E24A375AD00F256DF /* TeacherDetail.swift */,
				9A9A884A24A3705300F256DF /* StudentsList.swift */,
				9A9A885224A3780400F256DF /* StudentRow.swift */,
				9A9A885424A3780D00F256DF /* StudentDetail.swift */,
			);
			path = Views;
			sourceTree = "<group>";
		};
		9A9A884324A36D0800F256DF /* Delegates */ = {
			isa = PBXGroup;
			children = (
				9A9A880924A2959C00F256DF /* AppDelegate.swift */,
				9A9A880B24A2959C00F256DF /* SceneDelegate.swift */,
			);
			path = Delegates;
			sourceTree = "<group>";
		};
		9A9A884524A36D1B00F256DF /* Resources */ = {
			isa = PBXGroup;
			children = (
				9A9A882C24A3670900F256DF /* Localizable.strings */,
				9A9A880F24A2959F00F256DF /* Assets.xcassets */,
				9A9A881424A2959F00F256DF /* LaunchScreen.storyboard */,
			);
			path = Resources;
			sourceTree = "<group>";
		};
/* End PBXGroup section */

/* Begin PBXNativeTarget section */
		9A9A880524A2959C00F256DF /* EqualEyes-DeveloperTest */ = {
			isa = PBXNativeTarget;
			buildConfigurationList = 9A9A881A24A2959F00F256DF /* Build configuration list for PBXNativeTarget "EqualEyes-DeveloperTest" */;
			buildPhases = (
				9A9A880224A2959C00F256DF /* Sources */,
				9A9A880324A2959C00F256DF /* Frameworks */,
				9A9A880424A2959C00F256DF /* Resources */,
			);
			buildRules = (
			);
			dependencies = (
			);
			name = "EqualEyes-DeveloperTest";
			productName = "EqualEyes-DeveloperTest";
			productReference = 9A9A880624A2959C00F256DF /* EqualEyes-DeveloperTest.app */;
			productType = "com.apple.product-type.application";
		};
/* End PBXNativeTarget section */

/* Begin PBXProject section */
		9A9A87FE24A2959B00F256DF /* Project object */ = {
			isa = PBXProject;
			attributes = {
				LastSwiftUpdateCheck = 1150;
				LastUpgradeCheck = 1150;
				ORGANIZATIONNAME = "Sight&Sound s.p.";
				TargetAttributes = {
					9A9A880524A2959C00F256DF = {
						CreatedOnToolsVersion = 11.5;
					};
				};
			};
			buildConfigurationList = 9A9A880124A2959B00F256DF /* Build configuration list for PBXProject "EqualEyes-DeveloperTest" */;
			compatibilityVersion = "Xcode 9.3";
			developmentRegion = en;
			hasScannedForEncodings = 0;
			knownRegions = (
				en,
				Base,
				fr,
			);
			mainGroup = 9A9A87FD24A2959B00F256DF;
			productRefGroup = 9A9A880724A2959C00F256DF /* Products */;
			projectDirPath = "";
			projectRoot = "";
			targets = (
				9A9A880524A2959C00F256DF /* EqualEyes-DeveloperTest */,
			);
		};
/* End PBXProject section */

/* Begin PBXResourcesBuildPhase section */
		9A9A880424A2959C00F256DF /* Resources */ = {
			isa = PBXResourcesBuildPhase;
			buildActionMask = 2147483647;
			files = (
				9A9A881624A2959F00F256DF /* LaunchScreen.storyboard in Resources */,
				9A9A882A24A3670900F256DF /* Localizable.strings in Resources */,
				9A9A881324A2959F00F256DF /* Preview Assets.xcassets in Resources */,
				9A9A881024A2959F00F256DF /* Assets.xcassets in Resources */,
			);
			runOnlyForDeploymentPostprocessing = 0;
		};
/* End PBXResourcesBuildPhase section */

/* Begin PBXSourcesBuildPhase section */
		9A9A880224A2959C00F256DF /* Sources */ = {
			isa = PBXSourcesBuildPhase;
			buildActionMask = 2147483647;
			files = (
				9A9A883724A36BE000F256DF /* Teacher.swift in Sources */,
				9A9A885124A3768700F256DF /* TeacherRow.swift in Sources */,
				9A9A883D24A36BFE00F256DF /* ExtraInfo.swift in Sources */,
				9A9A884924A3701100F256DF /* LocalizedString.swift in Sources */,
				9A9A884724A36F7600F256DF /* TeachersList.swift in Sources */,
				9A9A884124A36C8100F256DF /* StudentsVM.swift in Sources */,
				9A9A883B24A36BED00F256DF /* School.swift in Sources */,
				9A9A880A24A2959C00F256DF /* AppDelegate.swift in Sources */,
				9A9A884F24A375AD00F256DF /* TeacherDetail.swift in Sources */,
				9A9A885524A3780D00F256DF /* StudentDetail.swift in Sources */,
				9A9A884B24A3705300F256DF /* StudentsList.swift in Sources */,
				9A9A885324A3780400F256DF /* StudentRow.swift in Sources */,
				9A9A880C24A2959C00F256DF /* SceneDelegate.swift in Sources */,
				9A9A885724A37EED00F256DF /* UIKitTabView.swift in Sources */,
				9A9A883F24A36C7900F256DF /* TeachersVM.swift in Sources */,
				9A9A883924A36BE500F256DF /* Student.swift in Sources */,
				9A9A884D24A3750800F256DF /* Colors .swift in Sources */,
				9A9A880E24A2959C00F256DF /* MainView.swift in Sources */,
			);
			runOnlyForDeploymentPostprocessing = 0;
		};
/* End PBXSourcesBuildPhase section */

/* Begin PBXVariantGroup section */
		9A9A881424A2959F00F256DF /* LaunchScreen.storyboard */ = {
			isa = PBXVariantGroup;
			children = (
				9A9A881524A2959F00F256DF /* Base */,
			);
			name = LaunchScreen.storyboard;
			sourceTree = "<group>";
		};
		9A9A882C24A3670900F256DF /* Localizable.strings */ = {
			isa = PBXVariantGroup;
			children = (
				9A9A882B24A3670900F256DF /* en */,
				9A9A882D24A3674000F256DF /* fr */,
			);
			name = Localizable.strings;
			sourceTree = "<group>";
		};
/* End PBXVariantGroup section */

/* Begin XCBuildConfiguration section */
		9A9A881824A2959F00F256DF /* Development */ = {
			isa = XCBuildConfiguration;
			buildSettings = {
				ALWAYS_SEARCH_USER_PATHS = NO;
				CLANG_ANALYZER_LOCALIZABILITY_NONLOCALIZED = YES;
				CLANG_ANALYZER_NONNULL = YES;
				CLANG_ANALYZER_NUMBER_OBJECT_CONVERSION = YES_AGGRESSIVE;
				CLANG_CXX_LANGUAGE_STANDARD = "gnu++14";
				CLANG_CXX_LIBRARY = "libc++";
				CLANG_ENABLE_MODULES = YES;
				CLANG_ENABLE_OBJC_ARC = YES;
				CLANG_ENABLE_OBJC_WEAK = YES;
				CLANG_WARN_BLOCK_CAPTURE_AUTORELEASING = YES;
				CLANG_WARN_BOOL_CONVERSION = YES;
				CLANG_WARN_COMMA = YES;
				CLANG_WARN_CONSTANT_CONVERSION = YES;
				CLANG_WARN_DEPRECATED_OBJC_IMPLEMENTATIONS = YES;
				CLANG_WARN_DIRECT_OBJC_ISA_USAGE = YES_ERROR;
				CLANG_WARN_DOCUMENTATION_COMMENTS = YES;
				CLANG_WARN_EMPTY_BODY = YES;
				CLANG_WARN_ENUM_CONVERSION = YES;
				CLANG_WARN_INFINITE_RECURSION = YES;
				CLANG_WARN_INT_CONVERSION = YES;
				CLANG_WARN_NON_LITERAL_NULL_CONVERSION = YES;
				CLANG_WARN_OBJC_IMPLICIT_RETAIN_SELF = YES;
				CLANG_WARN_OBJC_LITERAL_CONVERSION = YES;
				CLANG_WARN_OBJC_ROOT_CLASS = YES_ERROR;
				CLANG_WARN_RANGE_LOOP_ANALYSIS = YES;
				CLANG_WARN_STRICT_PROTOTYPES = YES;
				CLANG_WARN_SUSPICIOUS_MOVE = YES;
				CLANG_WARN_UNGUARDED_AVAILABILITY = YES_AGGRESSIVE;
				CLANG_WARN_UNREACHABLE_CODE = YES;
				CLANG_WARN__DUPLICATE_METHOD_MATCH = YES;
				COPY_PHASE_STRIP = NO;
				DEBUG_INFORMATION_FORMAT = dwarf;
				ENABLE_STRICT_OBJC_MSGSEND = YES;
				ENABLE_TESTABILITY = YES;
				GCC_C_LANGUAGE_STANDARD = gnu11;
				GCC_DYNAMIC_NO_PIC = NO;
				GCC_NO_COMMON_BLOCKS = YES;
				GCC_OPTIMIZATION_LEVEL = 0;
				GCC_PREPROCESSOR_DEFINITIONS = (
					"DEBUG=1",
					"$(inherited)",
				);
				GCC_WARN_64_TO_32_BIT_CONVERSION = YES;
				GCC_WARN_ABOUT_RETURN_TYPE = YES_ERROR;
				GCC_WARN_UNDECLARED_SELECTOR = YES;
				GCC_WARN_UNINITIALIZED_AUTOS = YES_AGGRESSIVE;
				GCC_WARN_UNUSED_FUNCTION = YES;
				GCC_WARN_UNUSED_VARIABLE = YES;
				IPHONEOS_DEPLOYMENT_TARGET = 13.5;
				MTL_ENABLE_DEBUG_INFO = INCLUDE_SOURCE;
				MTL_FAST_MATH = YES;
				ONLY_ACTIVE_ARCH = YES;
				SDKROOT = iphoneos;
				SWIFT_ACTIVE_COMPILATION_CONDITIONS = DEBUG;
				SWIFT_OPTIMIZATION_LEVEL = "-Onone";
			};
			name = Development;
		};
		9A9A881924A2959F00F256DF /* Production */ = {
			isa = XCBuildConfiguration;
			buildSettings = {
				ALWAYS_SEARCH_USER_PATHS = NO;
				CLANG_ANALYZER_LOCALIZABILITY_NONLOCALIZED = YES;
				CLANG_ANALYZER_NONNULL = YES;
				CLANG_ANALYZER_NUMBER_OBJECT_CONVERSION = YES_AGGRESSIVE;
				CLANG_CXX_LANGUAGE_STANDARD = "gnu++14";
				CLANG_CXX_LIBRARY = "libc++";
				CLANG_ENABLE_MODULES = YES;
				CLANG_ENABLE_OBJC_ARC = YES;
				CLANG_ENABLE_OBJC_WEAK = YES;
				CLANG_WARN_BLOCK_CAPTURE_AUTORELEASING = YES;
				CLANG_WARN_BOOL_CONVERSION = YES;
				CLANG_WARN_COMMA = YES;
				CLANG_WARN_CONSTANT_CONVERSION = YES;
				CLANG_WARN_DEPRECATED_OBJC_IMPLEMENTATIONS = YES;
				CLANG_WARN_DIRECT_OBJC_ISA_USAGE = YES_ERROR;
				CLANG_WARN_DOCUMENTATION_COMMENTS = YES;
				CLANG_WARN_EMPTY_BODY = YES;
				CLANG_WARN_ENUM_CONVERSION = YES;
				CLANG_WARN_INFINITE_RECURSION = YES;
				CLANG_WARN_INT_CONVERSION = YES;
				CLANG_WARN_NON_LITERAL_NULL_CONVERSION = YES;
				CLANG_WARN_OBJC_IMPLICIT_RETAIN_SELF = YES;
				CLANG_WARN_OBJC_LITERAL_CONVERSION = YES;
				CLANG_WARN_OBJC_ROOT_CLASS = YES_ERROR;
				CLANG_WARN_RANGE_LOOP_ANALYSIS = YES;
				CLANG_WARN_STRICT_PROTOTYPES = YES;
				CLANG_WARN_SUSPICIOUS_MOVE = YES;
				CLANG_WARN_UNGUARDED_AVAILABILITY = YES_AGGRESSIVE;
				CLANG_WARN_UNREACHABLE_CODE = YES;
				CLANG_WARN__DUPLICATE_METHOD_MATCH = YES;
				COPY_PHASE_STRIP = NO;
				DEBUG_INFORMATION_FORMAT = "dwarf-with-dsym";
				ENABLE_NS_ASSERTIONS = NO;
				ENABLE_STRICT_OBJC_MSGSEND = YES;
				GCC_C_LANGUAGE_STANDARD = gnu11;
				GCC_NO_COMMON_BLOCKS = YES;
				GCC_WARN_64_TO_32_BIT_CONVERSION = YES;
				GCC_WARN_ABOUT_RETURN_TYPE = YES_ERROR;
				GCC_WARN_UNDECLARED_SELECTOR = YES;
				GCC_WARN_UNINITIALIZED_AUTOS = YES_AGGRESSIVE;
				GCC_WARN_UNUSED_FUNCTION = YES;
				GCC_WARN_UNUSED_VARIABLE = YES;
				IPHONEOS_DEPLOYMENT_TARGET = 13.5;
				MTL_ENABLE_DEBUG_INFO = NO;
				MTL_FAST_MATH = YES;
				SDKROOT = iphoneos;
				SWIFT_COMPILATION_MODE = wholemodule;
				SWIFT_OPTIMIZATION_LEVEL = "-O";
				VALIDATE_PRODUCT = YES;
			};
			name = Production;
		};
		9A9A881B24A2959F00F256DF /* Development */ = {
			isa = XCBuildConfiguration;
			buildSettings = {
				ASSETCATALOG_COMPILER_APPICON_NAME = AppIcon;
				CODE_SIGN_STYLE = Automatic;
				DEVELOPMENT_ASSET_PATHS = "\"EqualEyes-DeveloperTest/Preview Content\"";
				DEVELOPMENT_TEAM = L7DB8MDJK9;
				ENABLE_PREVIEWS = YES;
				INFOPLIST_FILE = "EqualEyes-DeveloperTest/Development.plist";
				LD_RUNPATH_SEARCH_PATHS = (
					"$(inherited)",
					"@executable_path/Frameworks",
				);
				PRODUCT_BUNDLE_IDENTIFIER = "si.sight-sound.EqualEyes-DeveloperTest";
				PRODUCT_NAME = "$(TARGET_NAME)";
				SWIFT_VERSION = 5.0;
				TARGETED_DEVICE_FAMILY = "1,2";
			};
			name = Development;
		};
		9A9A881C24A2959F00F256DF /* Production */ = {
			isa = XCBuildConfiguration;
			buildSettings = {
				ASSETCATALOG_COMPILER_APPICON_NAME = AppIcon;
				CODE_SIGN_STYLE = Automatic;
				DEVELOPMENT_ASSET_PATHS = "\"EqualEyes-DeveloperTest/Preview Content\"";
				DEVELOPMENT_TEAM = L7DB8MDJK9;
				ENABLE_PREVIEWS = YES;
				INFOPLIST_FILE = "EqualEyes-DeveloperTest/Production.plist";
				LD_RUNPATH_SEARCH_PATHS = (
					"$(inherited)",
					"@executable_path/Frameworks",
				);
				PRODUCT_BUNDLE_IDENTIFIER = "si.sight-sound.EqualEyes-DeveloperTest";
				PRODUCT_NAME = "$(TARGET_NAME)";
				SWIFT_VERSION = 5.0;
				TARGETED_DEVICE_FAMILY = "1,2";
			};
			name = Production;
		};
/* End XCBuildConfiguration section */

/* Begin XCConfigurationList section */
		9A9A880124A2959B00F256DF /* Build configuration list for PBXProject "EqualEyes-DeveloperTest" */ = {
			isa = XCConfigurationList;
			buildConfigurations = (
				9A9A881824A2959F00F256DF /* Development */,
				9A9A881924A2959F00F256DF /* Production */,
			);
			defaultConfigurationIsVisible = 0;
			defaultConfigurationName = Production;
		};
		9A9A881A24A2959F00F256DF /* Build configuration list for PBXNativeTarget "EqualEyes-DeveloperTest" */ = {
			isa = XCConfigurationList;
			buildConfigurations = (
				9A9A881B24A2959F00F256DF /* Development */,
				9A9A881C24A2959F00F256DF /* Production */,
			);
			defaultConfigurationIsVisible = 0;
			defaultConfigurationName = Production;
		};
/* End XCConfigurationList section */
	};
	rootObject = 9A9A87FE24A2959B00F256DF /* Project object */;
}
